// !$*UTF8*$!
{
	archiveVersion = 1;
	classes = {
	};
	objectVersion = 77;
	objects = {

/* Begin PBXBuildFile section */
		FE01A0032F6F46F5008984E3 /* FirebaseCore in Frameworks */ = {isa = PBXBuildFile; productRef = FE01A0022F6F46F5008984E2 /* FirebaseCore */; };
		FE01A00C2F6F46F5008984EC /* FirebaseAuth in Frameworks */ = {isa = PBXBuildFile; productRef = FE01A00A2F6F46F5008984EA /* FirebaseAuth */; };
		FE01A00D2F6F46F5008984ED /* FirebaseFirestore in Frameworks */ = {isa = PBXBuildFile; productRef = FE01A00B2F6F46F5008984EB /* FirebaseFirestore */; };
/* End PBXBuildFile section */

/* Begin PBXContainerItemProxy section */
		BD4198572F6F46FB008984AD /* PBXContainerItemProxy */ = {
			isa = PBXContainerItemProxy;
			containerPortal = BD41983F2F6F46F5008984AD /* Project object */;
			proxyType = 1;
			remoteGlobalIDString = BD4198462F6F46F5008984AD;
			remoteInfo = YoiYoi;
		};
		BD4198612F6F46FB008984AD /* PBXContainerItemProxy */ = {
			isa = PBXContainerItemProxy;
			containerPortal = BD41983F2F6F46F5008984AD /* Project object */;
			proxyType = 1;
			remoteGlobalIDString = BD4198462F6F46F5008984AD;
			remoteInfo = YoiYoi;
		};
/* End PBXContainerItemProxy section */

/* Begin PBXFileReference section */
		BD4198472F6F46F5008984AD /* YoiYoi.app */ = {isa = PBXFileReference; explicitFileType = wrapper.application; includeInIndex = 0; path = YoiYoi.app; sourceTree = BUILT_PRODUCTS_DIR; };
		BD4198562F6F46FB008984AD /* YoiYoiTests.xctest */ = {isa = PBXFileReference; explicitFileType = wrapper.cfbundle; includeInIndex = 0; path = YoiYoiTests.xctest; sourceTree = BUILT_PRODUCTS_DIR; };
		BD4198602F6F46FB008984AD /* YoiYoiUITests.xctest */ = {isa = PBXFileReference; explicitFileType = wrapper.cfbundle; includeInIndex = 0; path = YoiYoiUITests.xctest; sourceTree = BUILT_PRODUCTS_DIR; };
/* End PBXFileReference section */

/* Begin PBXFileSystemSynchronizedRootGroup section */
		BD4198492F6F46F5008984AD /* YoiYoi */ = {
			isa = PBXFileSystemSynchronizedRootGroup;
			path = YoiYoi;
			sourceTree = "<group>";
		};
		BD4198592F6F46FB008984AD /* YoiYoiTests */ = {
			isa = PBXFileSystemSynchronizedRootGroup;
			path = YoiYoiTests;
			sourceTree = "<group>";
		};
		BD4198632F6F46FB008984AD /* YoiYoiUITests */ = {
			isa = PBXFileSystemSynchronizedRootGroup;
			path = YoiYoiUITests;
			sourceTree = "<group>";
		};
/* End PBXFileSystemSynchronizedRootGroup section */

/* Begin PBXFrameworksBuildPhase section */
		BD4198442F6F46F5008984AD /* Frameworks */ = {
			isa = PBXFrameworksBuildPhase;
			buildActionMask = 2147483647;
			files = (
				FE01A0032F6F46F5008984E3 /* FirebaseCore in Frameworks */,
				FE01A00C2F6F46F5008984EC /* FirebaseAuth in Frameworks */,
				FE01A00D2F6F46F5008984ED /* FirebaseFirestore in Frameworks */,
			);
			runOnlyForDeploymentPostprocessing = 0;
		};
		BD4198532F6F46FB008984AD /* Frameworks */ = {
			isa = PBXFrameworksBuildPhase;
			buildActionMask = 2147483647;
			files = (
			);
			runOnlyForDeploymentPostprocessing = 0;
		};
		BD41985D2F6F46FB008984AD /* Frameworks */ = {
			isa = PBXFrameworksBuildPhase;
			buildActionMask = 2147483647;
			files = (
			);
			runOnlyForDeploymentPostprocessing = 0;
		};
/* End PBXFrameworksBuildPhase section */

/* Begin PBXGroup section */
		BD41983E2F6F46F5008984AD = {
			isa = PBXGroup;
			children = (
				BD4198492F6F46F5008984AD /* YoiYoi */,
				BD4198592F6F46FB008984AD /* YoiYoiTests */,
				BD4198632F6F46FB008984AD /* YoiYoiUITests */,
				BD4198482F6F46F5008984AD /* Products */,
			);
			sourceTree = "<group>";
		};
		BD4198482F6F46F5008984AD /* Products */ = {
			isa = PBXGroup;
			children = (
				BD4198472F6F46F5008984AD /* YoiYoi.app */,
				BD4198562F6F46FB008984AD /* YoiYoiTests.xctest */,
				BD4198602F6F46FB008984AD /* YoiYoiUITests.xctest */,
			);
			name = Products;
			sourceTree = "<group>";
		};
/* End PBXGroup section */

/* Begin PBXNativeTarget section */
		BD4198462F6F46F5008984AD /* YoiYoi */ = {
			isa = PBXNativeTarget;
			buildConfigurationList = BD41986A2F6F46FB008984AD /* Build configuration list for PBXNativeTarget "YoiYoi" */;
			buildPhases = (
				BD4198432F6F46F5008984AD /* Sources */,
				BD4198442F6F46F5008984AD /* Frameworks */,
				BD4198452F6F46F5008984AD /* Resources */,
			);
			buildRules = (
			);
			dependencies = (
			);
			fileSystemSynchronizedGroups = (
				BD4198492F6F46F5008984AD /* YoiYoi */,
			);
			name = YoiYoi;
			packageProductDependencies = (
				FE01A0022F6F46F5008984E2 /* FirebaseCore */,
				FE01A00A2F6F46F5008984EA /* FirebaseAuth */,
				FE01A00B2F6F46F5008984EB /* FirebaseFirestore */,
			);
			productName = YoiYoi;
			productReference = BD4198472F6F46F5008984AD /* YoiYoi.app */;
			productType = "com.apple.product-type.application";
		};
		BD4198552F6F46FB008984AD /* YoiYoiTests */ = {
			isa = PBXNativeTarget;
			buildConfigurationList = BD41986D2F6F46FB008984AD /* Build configuration list for PBXNativeTarget "YoiYoiTests" */;
			buildPhases = (
				BD4198522F6F46FB008984AD /* Sources */,
				BD4198532F6F46FB008984AD /* Frameworks */,
				BD4198542F6F46FB008984AD /* Resources */,
			);
			buildRules = (
			);
			dependencies = (
				BD4198582F6F46FB008984AD /* PBXTargetDependency */,
			);
			fileSystemSynchronizedGroups = (
				BD4198592F6F46FB008984AD /* YoiYoiTests */,
			);
			name = YoiYoiTests;
			packageProductDependencies = (
			);
			productName = YoiYoiTests;
			productReference = BD4198562F6F46FB008984AD /* YoiYoiTests.xctest */;
			productType = "com.apple.product-type.bundle.unit-test";
		};
		BD41985F2F6F46FB008984AD /* YoiYoiUITests */ = {
			isa = PBXNativeTarget;
			buildConfigurationList = BD4198702F6F46FB008984AD /* Build configuration list for PBXNativeTarget "YoiYoiUITests" */;
			buildPhases = (
				BD41985C2F6F46FB008984AD /* Sources */,
				BD41985D2F6F46FB008984AD /* Frameworks */,
				BD41985E2F6F46FB008984AD /* Resources */,
			);
			buildRules = (
			);
			dependencies = (
				BD4198622F6F46FB008984AD /* PBXTargetDependency */,
			);
			fileSystemSynchronizedGroups = (
				BD4198632F6F46FB008984AD /* YoiYoiUITests */,
			);
			name = YoiYoiUITests;
			packageProductDependencies = (
			);
			productName = YoiYoiUITests;
			productReference = BD4198602F6F46FB008984AD /* YoiYoiUITests.xctest */;
			productType = "com.apple.product-type.bundle.ui-testing";
		};
/* End PBXNativeTarget section */

/* Begin PBXProject section */
		BD41983F2F6F46F5008984AD /* Project object */ = {
			isa = PBXProject;
			attributes = {
				BuildIndependentTargetsInParallel = 1;
				LastSwiftUpdateCheck = 1630;
				LastUpgradeCheck = 1630;
				TargetAttributes = {
					BD4198462F6F46F5008984AD = {
						CreatedOnToolsVersion = 16.3;
					};
					BD4198552F6F46FB008984AD = {
						CreatedOnToolsVersion = 16.3;
						TestTargetID = BD4198462F6F46F5008984AD;
					};
					BD41985F2F6F46FB008984AD = {
						CreatedOnToolsVersion = 16.3;
						TestTargetID = BD4198462F6F46F5008984AD;
					};
				};
			};
			buildConfigurationList = BD4198422F6F46F5008984AD /* Build configuration list for PBXProject "YoiYoi" */;
			developmentRegion = en;
			hasScannedForEncodings = 0;
			knownRegions = (
				en,
				Base,
			);
			mainGroup = BD41983E2F6F46F5008984AD;
			minimizedProjectReferenceProxies = 1;
			packageReferences = (
				FE01A0012F6F46F5008984E1 /* XCRemoteSwiftPackageReference "firebase-ios-sdk" */,
			);
			preferredProjectObjectVersion = 77;
			productRefGroup = BD4198482F6F46F5008984AD /* Products */;
			projectDirPath = "";
			projectRoot = "";
			targets = (
				BD4198462F6F46F5008984AD /* YoiYoi */,
				BD4198552F6F46FB008984AD /* YoiYoiTests */,
				BD41985F2F6F46FB008984AD /* YoiYoiUITests */,
			);
		};
/* End PBXProject section */

/* Begin PBXResourcesBuildPhase section */
		BD4198452F6F46F5008984AD /* Resources */ = {
			isa = PBXResourcesBuildPhase;
			buildActionMask = 2147483647;
			files = (
			);
			runOnlyForDeploymentPostprocessing = 0;
		};
		BD4198542F6F46FB008984AD /* Resources */ = {
			isa = PBXResourcesBuildPhase;
			buildActionMask = 2147483647;
			files = (
			);
			runOnlyForDeploymentPostprocessing = 0;
		};
		BD41985E2F6F46FB008984AD /* Resources */ = {
			isa = PBXResourcesBuildPhase;
			buildActionMask = 2147483647;
			files = (
			);
			runOnlyForDeploymentPostprocessing = 0;
		};
/* End PBXResourcesBuildPhase section */

/* Begin PBXSourcesBuildPhase section */
		BD4198432F6F46F5008984AD /* Sources */ = {
			isa = PBXSourcesBuildPhase;
			buildActionMask = 2147483647;
			files = (
			);
			runOnlyForDeploymentPostprocessing = 0;
		};
		BD4198522F6F46FB008984AD /* Sources */ = {
			isa = PBXSourcesBuildPhase;
			buildActionMask = 2147483647;
			files = (
			);
			runOnlyForDeploymentPostprocessing = 0;
		};
		BD41985C2F6F46FB008984AD /* Sources */ = {
			isa = PBXSourcesBuildPhase;
			buildActionMask = 2147483647;
			files = (
			);
			runOnlyForDeploymentPostprocessing = 0;
		};
/* End PBXSourcesBuildPhase section */

/* Begin PBXTargetDependency section */
		BD4198582F6F46FB008984AD /* PBXTargetDependency */ = {
			isa = PBXTargetDependency;
			target = BD4198462F6F46F5008984AD /* YoiYoi */;
			targetProxy = BD4198572F6F46FB008984AD /* PBXContainerItemProxy */;
		};
		BD4198622F6F46FB008984AD /* PBXTargetDependency */ = {
			isa = PBXTargetDependency;
			target = BD4198462F6F46F5008984AD /* YoiYoi */;
			targetProxy = BD4198612F6F46FB008984AD /* PBXContainerItemProxy */;
		};
/* End PBXTargetDependency section */

/* Begin XCBuildConfiguration section */
		BD4198682F6F46FB008984AD /* Debug */ = {
			isa = XCBuildConfiguration;
			buildSettings = {
				ALWAYS_SEARCH_USER_PATHS = NO;
				ASSETCATALOG_COMPILER_GENERATE_SWIFT_ASSET_SYMBOL_EXTENSIONS = YES;
				CLANG_ANALYZER_NONNULL = YES;
				CLANG_ANALYZER_NUMBER_OBJECT_CONVERSION = YES_AGGRESSIVE;
				CLANG_CXX_LANGUAGE_STANDARD = "gnu++20";
				CLANG_ENABLE_MODULES = YES;
				CLANG_ENABLE_OBJC_ARC = YES;
				CLANG_ENABLE_OBJC_WEAK = YES;
				CLANG_WARN_BLOCK_CAPTURE_AUTORELEASING = YES;
				CLANG_WARN_BOOL_CONVERSION = YES;
				CLANG_WARN_COMMA = YES;
				CLANG_WARN_CONSTANT_CONVERSION = YES;
				CLANG_WARN_DEPRECATED_OBJC_IMPLEMENTATIONS = YES;
				CLANG_WARN_DIRECT_OBJC_ISA_USAGE = YES_ERROR;
				CLANG_WARN_DOCUMENTATION_COMMENTS = YES;
				CLANG_WARN_EMPTY_BODY = YES;
				CLANG_WARN_ENUM_CONVERSION = YES;
				CLANG_WARN_INFINITE_RECURSION = YES;
				CLANG_WARN_INT_CONVERSION = YES;
				CLANG_WARN_NON_LITERAL_NULL_CONVERSION = YES;
				CLANG_WARN_OBJC_IMPLICIT_RETAIN_SELF = YES;
				CLANG_WARN_OBJC_LITERAL_CONVERSION = YES;
				CLANG_WARN_OBJC_ROOT_CLASS = YES_ERROR;
				CLANG_WARN_QUOTED_INCLUDE_IN_FRAMEWORK_HEADER = YES;
				CLANG_WARN_RANGE_LOOP_ANALYSIS = YES;
				CLANG_WARN_STRICT_PROTOTYPES = YES;
				CLANG_WARN_SUSPICIOUS_MOVE = YES;
				CLANG_WARN_UNGUARDED_AVAILABILITY = YES_AGGRESSIVE;
				CLANG_WARN_UNREACHABLE_CODE = YES;
				CLANG_WARN__DUPLICATE_METHOD_MATCH = YES;
				COPY_PHASE_STRIP = NO;
				DEBUG_INFORMATION_FORMAT = dwarf;
				DEVELOPMENT_TEAM = Q7MHDQD6L6;
				ENABLE_STRICT_OBJC_MSGSEND = YES;
				ENABLE_TESTABILITY = YES;
				ENABLE_USER_SCRIPT_SANDBOXING = YES;
				GCC_C_LANGUAGE_STANDARD = gnu17;
				GCC_DYNAMIC_NO_PIC = NO;
				GCC_NO_COMMON_BLOCKS = YES;
				GCC_OPTIMIZATION_LEVEL = 0;
				GCC_PREPROCESSOR_DEFINITIONS = (
					"DEBUG=1",
					"$(inherited)",
				);
				GCC_WARN_64_TO_32_BIT_CONVERSION = YES;
				GCC_WARN_ABOUT_RETURN_TYPE = YES_ERROR;
				GCC_WARN_UNDECLARED_SELECTOR = YES;
				GCC_WARN_UNINITIALIZED_AUTOS = YES_AGGRESSIVE;
				GCC_WARN_UNUSED_FUNCTION = YES;
				GCC_WARN_UNUSED_VARIABLE = YES;
				IPHONEOS_DEPLOYMENT_TARGET = 17.0;
				LOCALIZATION_PREFERS_STRING_CATALOGS = YES;
				MTL_ENABLE_DEBUG_INFO = INCLUDE_SOURCE;
				MTL_FAST_MATH = YES;
				ONLY_ACTIVE_ARCH = YES;
				SDKROOT = iphoneos;
				SWIFT_ACTIVE_COMPILATION_CONDITIONS = "DEBUG $(inherited)";
				SWIFT_OPTIMIZATION_LEVEL = "-Onone";
			};
			name = Debug;
		};
		BD4198692F6F46FB008984AD /* Release */ = {
			isa = XCBuildConfiguration;
			buildSettings = {
				ALWAYS_SEARCH_USER_PATHS = NO;
				ASSETCATALOG_COMPILER_GENERATE_SWIFT_ASSET_SYMBOL_EXTENSIONS = YES;
				CLANG_ANALYZER_NONNULL = YES;
				CLANG_ANALYZER_NUMBER_OBJECT_CONVERSION = YES_AGGRESSIVE;
				CLANG_CXX_LANGUAGE_STANDARD = "gnu++20";
				CLANG_ENABLE_MODULES = YES;
				CLANG_ENABLE_OBJC_ARC = YES;
				CLANG_ENABLE_OBJC_WEAK = YES;
				CLANG_WARN_BLOCK_CAPTURE_AUTORELEASING = YES;
				CLANG_WARN_BOOL_CONVERSION = YES;
				CLANG_WARN_COMMA = YES;
				CLANG_WARN_CONSTANT_CONVERSION = YES;
				CLANG_WARN_DEPRECATED_OBJC_IMPLEMENTATIONS = YES;
				CLANG_WARN_DIRECT_OBJC_ISA_USAGE = YES_ERROR;
				CLANG_WARN_DOCUMENTATION_COMMENTS = YES;
				CLANG_WARN_EMPTY_BODY = YES;
				CLANG_WARN_ENUM_CONVERSION = YES;
				CLANG_WARN_INFINITE_RECURSION = YES;
				CLANG_WARN_INT_CONVERSION = YES;
				CLANG_WARN_NON_LITERAL_NULL_CONVERSION = YES;
				CLANG_WARN_OBJC_IMPLICIT_RETAIN_SELF = YES;
				CLANG_WARN_OBJC_LITERAL_CONVERSION = YES;
				CLANG_WARN_OBJC_ROOT_CLASS = YES_ERROR;
				CLANG_WARN_QUOTED_INCLUDE_IN_FRAMEWORK_HEADER = YES;
				CLANG_WARN_RANGE_LOOP_ANALYSIS = YES;
				CLANG_WARN_STRICT_PROTOTYPES = YES;
				CLANG_WARN_SUSPICIOUS_MOVE = YES;
				CLANG_WARN_UNGUARDED_AVAILABILITY = YES_AGGRESSIVE;
				CLANG_WARN_UNREACHABLE_CODE = YES;
				CLANG_WARN__DUPLICATE_METHOD_MATCH = YES;
				COPY_PHASE_STRIP = NO;
				DEBUG_INFORMATION_FORMAT = "dwarf-with-dsym";
				DEVELOPMENT_TEAM = Q7MHDQD6L6;
				ENABLE_NS_ASSERTIONS = NO;
				ENABLE_STRICT_OBJC_MSGSEND = YES;
				ENABLE_USER_SCRIPT_SANDBOXING = YES;
				GCC_C_LANGUAGE_STANDARD = gnu17;
				GCC_NO_COMMON_BLOCKS = YES;
				GCC_WARN_64_TO_32_BIT_CONVERSION = YES;
				GCC_WARN_ABOUT_RETURN_TYPE = YES_ERROR;
				GCC_WARN_UNDECLARED_SELECTOR = YES;
				GCC_WARN_UNINITIALIZED_AUTOS = YES_AGGRESSIVE;
				GCC_WARN_UNUSED_FUNCTION = YES;
				GCC_WARN_UNUSED_VARIABLE = YES;
				IPHONEOS_DEPLOYMENT_TARGET = 17.0;
				LOCALIZATION_PREFERS_STRING_CATALOGS = YES;
				MTL_ENABLE_DEBUG_INFO = NO;
				MTL_FAST_MATH = YES;
				SDKROOT = iphoneos;
				SWIFT_COMPILATION_MODE = wholemodule;
				VALIDATE_PRODUCT = YES;
			};
			name = Release;
		};
		BD41986B2F6F46FB008984AD /* Debug */ = {
			isa = XCBuildConfiguration;
			buildSettings = {
				ASSETCATALOG_COMPILER_APPICON_NAME = AppIcon;
				ASSETCATALOG_COMPILER_GLOBAL_ACCENT_COLOR_NAME = AccentColor;
				CODE_SIGN_STYLE = Automatic;
				CURRENT_PROJECT_VERSION = 1;
				DEVELOPMENT_TEAM = Q7MHDQD6L6;
				ENABLE_PREVIEWS = YES;
				GENERATE_INFOPLIST_FILE = YES;
				INFOPLIST_FILE = AppInfo.plist;
				INFOPLIST_KEY_UIApplicationSceneManifest_Generation = YES;
				INFOPLIST_KEY_UIApplicationSupportsIndirectInputEvents = YES;
				INFOPLIST_KEY_UILaunchScreen_Generation = YES;
				INFOPLIST_KEY_UISupportedInterfaceOrientations_iPad = "UIInterfaceOrientationPortrait UIInterfaceOrientationPortraitUpsideDown UIInterfaceOrientationLandscapeLeft UIInterfaceOrientationLandscapeRight";
				INFOPLIST_KEY_UISupportedInterfaceOrientations_iPhone = "UIInterfaceOrientationPortrait UIInterfaceOrientationLandscapeLeft UIInterfaceOrientationLandscapeRight";
				LD_RUNPATH_SEARCH_PATHS = (
					"$(inherited)",
					"@executable_path/Frameworks",
				);
				MARKETING_VERSION = 1.0;
				PRODUCT_BUNDLE_IDENTIFIER = Nozo.YoiYoi;
				PRODUCT_NAME = "$(TARGET_NAME)";
				SWIFT_EMIT_LOC_STRINGS = YES;
				SWIFT_VERSION = 5.0;
				TARGETED_DEVICE_FAMILY = "1,2";
			};
			name = Debug;
		};
		BD41986C2F6F46FB008984AD /* Release */ = {
			isa = XCBuildConfiguration;
			buildSettings = {
				ASSETCATALOG_COMPILER_APPICON_NAME = AppIcon;
				ASSETCATALOG_COMPILER_GLOBAL_ACCENT_COLOR_NAME = AccentColor;
				CODE_SIGN_STYLE = Automatic;
				CURRENT_PROJECT_VERSION = 1;
				DEVELOPMENT_TEAM = Q7MHDQD6L6;
				ENABLE_PREVIEWS = YES;
				GENERATE_INFOPLIST_FILE = YES;
				INFOPLIST_FILE = AppInfo.plist;
				INFOPLIST_KEY_UIApplicationSceneManifest_Generation = YES;
				INFOPLIST_KEY_UIApplicationSupportsIndirectInputEvents = YES;
				INFOPLIST_KEY_UILaunchScreen_Generation = YES;
				INFOPLIST_KEY_UISupportedInterfaceOrientations_iPad = "UIInterfaceOrientationPortrait UIInterfaceOrientationPortraitUpsideDown UIInterfaceOrientationLandscapeLeft UIInterfaceOrientationLandscapeRight";
				INFOPLIST_KEY_UISupportedInterfaceOrientations_iPhone = "UIInterfaceOrientationPortrait UIInterfaceOrientationLandscapeLeft UIInterfaceOrientationLandscapeRight";
				LD_RUNPATH_SEARCH_PATHS = (
					"$(inherited)",
					"@executable_path/Frameworks",
				);
				MARKETING_VERSION = 1.0;
				PRODUCT_BUNDLE_IDENTIFIER = Nozo.YoiYoi;
				PRODUCT_NAME = "$(TARGET_NAME)";
				SWIFT_EMIT_LOC_STRINGS = YES;
				SWIFT_VERSION = 5.0;
				TARGETED_DEVICE_FAMILY = "1,2";
			};
			name = Release;
		};
		BD41986E2F6F46FB008984AD /* Debug */ = {
			isa = XCBuildConfiguration;
			buildSettings = {
				BUNDLE_LOADER = "$(TEST_HOST)";
				CODE_SIGN_STYLE = Automatic;
				CURRENT_PROJECT_VERSION = 1;
				DEVELOPMENT_TEAM = Q7MHDQD6L6;
				GENERATE_INFOPLIST_FILE = YES;
				IPHONEOS_DEPLOYMENT_TARGET = 17.0;
				MARKETING_VERSION = 1.0;
				PRODUCT_BUNDLE_IDENTIFIER = Nozo.YoiYoiTests;
				PRODUCT_NAME = "$(TARGET_NAME)";
				SWIFT_EMIT_LOC_STRINGS = NO;
				SWIFT_VERSION = 5.0;
				TARGETED_DEVICE_FAMILY = "1,2";
				TEST_HOST = "$(BUILT_PRODUCTS_DIR)/YoiYoi.app/$(BUNDLE_EXECUTABLE_FOLDER_PATH)/YoiYoi";
			};
			name = Debug;
		};
		BD41986F2F6F46FB008984AD /* Release */ = {
			isa = XCBuildConfiguration;
			buildSettings = {
				BUNDLE_LOADER = "$(TEST_HOST)";
				CODE_SIGN_STYLE = Automatic;
				CURRENT_PROJECT_VERSION = 1;
				DEVELOPMENT_TEAM = Q7MHDQD6L6;
				GENERATE_INFOPLIST_FILE = YES;
				IPHONEOS_DEPLOYMENT_TARGET = 17.0;
				MARKETING_VERSION = 1.0;
				PRODUCT_BUNDLE_IDENTIFIER = Nozo.YoiYoiTests;
				PRODUCT_NAME = "$(TARGET_NAME)";
				SWIFT_EMIT_LOC_STRINGS = NO;
				SWIFT_VERSION = 5.0;
				TARGETED_DEVICE_FAMILY = "1,2";
				TEST_HOST = "$(BUILT_PRODUCTS_DIR)/YoiYoi.app/$(BUNDLE_EXECUTABLE_FOLDER_PATH)/YoiYoi";
			};
			name = Release;
		};
		BD4198712F6F46FB008984AD /* Debug */ = {
			isa = XCBuildConfiguration;
			buildSettings = {
				CODE_SIGN_STYLE = Automatic;
				CURRENT_PROJECT_VERSION = 1;
				DEVELOPMENT_TEAM = Q7MHDQD6L6;
				GENERATE_INFOPLIST_FILE = YES;
				MARKETING_VERSION = 1.0;
				PRODUCT_BUNDLE_IDENTIFIER = Nozo.YoiYoiUITests;
				PRODUCT_NAME = "$(TARGET_NAME)";
				SWIFT_EMIT_LOC_STRINGS = NO;
				SWIFT_VERSION = 5.0;
				TARGETED_DEVICE_FAMILY = "1,2";
				TEST_TARGET_NAME = YoiYoi;
			};
			name = Debug;
		};
		BD4198722F6F46FB008984AD /* Release */ = {
			isa = XCBuildConfiguration;
			buildSettings = {
				CODE_SIGN_STYLE = Automatic;
				CURRENT_PROJECT_VERSION = 1;
				DEVELOPMENT_TEAM = Q7MHDQD6L6;
				GENERATE_INFOPLIST_FILE = YES;
				MARKETING_VERSION = 1.0;
				PRODUCT_BUNDLE_IDENTIFIER = Nozo.YoiYoiUITests;
				PRODUCT_NAME = "$(TARGET_NAME)";
				SWIFT_EMIT_LOC_STRINGS = NO;
				SWIFT_VERSION = 5.0;
				TARGETED_DEVICE_FAMILY = "1,2";
				TEST_TARGET_NAME = YoiYoi;
			};
			name = Release;
		};
/* End XCBuildConfiguration section */

/* Begin XCConfigurationList section */
		BD4198422F6F46F5008984AD /* Build configuration list for PBXProject "YoiYoi" */ = {
			isa = XCConfigurationList;
			buildConfigurations = (
				BD4198682F6F46FB008984AD /* Debug */,
				BD4198692F6F46FB008984AD /* Release */,
			);
			defaultConfigurationIsVisible = 0;
			defaultConfigurationName = Release;
		};
		BD41986A2F6F46FB008984AD /* Build configuration list for PBXNativeTarget "YoiYoi" */ = {
			isa = XCConfigurationList;
			buildConfigurations = (
				BD41986B2F6F46FB008984AD /* Debug */,
				BD41986C2F6F46FB008984AD /* Release */,
			);
			defaultConfigurationIsVisible = 0;
			defaultConfigurationName = Release;
		};
		BD41986D2F6F46FB008984AD /* Build configuration list for PBXNativeTarget "YoiYoiTests" */ = {
			isa = XCConfigurationList;
			buildConfigurations = (
				BD41986E2F6F46FB008984AD /* Debug */,
				BD41986F2F6F46FB008984AD /* Release */,
			);
			defaultConfigurationIsVisible = 0;
			defaultConfigurationName = Release;
		};
		BD4198702F6F46FB008984AD /* Build configuration list for PBXNativeTarget "YoiYoiUITests" */ = {
			isa = XCConfigurationList;
			buildConfigurations = (
				BD4198712F6F46FB008984AD /* Debug */,
				BD4198722F6F46FB008984AD /* Release */,
			);
			defaultConfigurationIsVisible = 0;
			defaultConfigurationName = Release;
		};
/* End XCConfigurationList section */

/* Begin XCRemoteSwiftPackageReference section */
		FE01A0012F6F46F5008984E1 /* XCRemoteSwiftPackageReference "firebase-ios-sdk" */ = {
			isa = XCRemoteSwiftPackageReference;
			repositoryURL = "https://github.com/firebase/firebase-ios-sdk";
			requirement = {
				kind = upToNextMajorVersion;
				minimumVersion = 11.0.0;
			};
		};
/* End XCRemoteSwiftPackageReference section */

/* Begin XCSwiftPackageProductDependency section */
		FE01A0022F6F46F5008984E2 /* FirebaseCore */ = {
			isa = XCSwiftPackageProductDependency;
			package = FE01A0012F6F46F5008984E1 /* XCRemoteSwiftPackageReference "firebase-ios-sdk" */;
			productName = FirebaseCore;
		};
		FE01A00A2F6F46F5008984EA /* FirebaseAuth */ = {
			isa = XCSwiftPackageProductDependency;
			package = FE01A0012F6F46F5008984E1 /* XCRemoteSwiftPackageReference "firebase-ios-sdk" */;
			productName = FirebaseAuth;
		};
		FE01A00B2F6F46F5008984EB /* FirebaseFirestore */ = {
			isa = XCSwiftPackageProductDependency;
			package = FE01A0012F6F46F5008984E1 /* XCRemoteSwiftPackageReference "firebase-ios-sdk" */;
			productName = FirebaseFirestore;
		};
/* End XCSwiftPackageProductDependency section */
	};
	rootObject = BD41983F2F6F46F5008984AD /* Project object */;
}
